Microsoft Visual Studio Solution File, Format Version 12.00
# Visual Studio Version 16
VisualStudioVersion = 16.0.29905.134
MinimumVisualStudioVersion = 10.0.40219.1
Project("{8BC9CEB8-8B4A-11D0-8D11-00A0C91BC942}") = "TS1201", "TS1201\TS1201.vcxproj", "{58674838-C02B-49AD-ADB6-C793CE9BBC2E}"
EndProject
Project("{8BC9CEB8-8B4A-11D0-8D11-00A0C91BC942}") = "TS1102", "TS1102\TS1102.vcxproj", "{45C251A0-4F2E-4CD7-B1F0-58E54CD40916}"
EndProject
Project("{8BC9CEB8-8B4A-11D0-8D11-00A0C91BC942}") = "TS1101", "TS1101\TS1101.vcxproj", "{00C78BB3-B3FB-41D4-9FFF-B9BD135A2AAD}"
EndProject
Project("{8BC9CEB8-8B4A-11D0-8D11-00A0C91BC942}") = "TS1002", "TS1002\TS1002.vcxproj", "{6DFE5A67-4377-43FE-A82A-055591B4D0E2}"
EndProject
Project("{8BC9CEB8-8B4A-11D0-8D11-00A0C91BC942}") = "TS1001", "TS1001\TS1001.vcxproj", "{D769F4C5-DA1E-48FA-A1E3-3A46E0A3E2EA}"
EndProject
Project("{8BC9CEB8-8B4A-11D0-8D11-00A0C91BC942}") = "TS0902", "TS0902\TS0902.vcxproj", "{494C50C9-B842-4B82-A33A-FD087F1292C5}"
EndProject
Project("{8BC9CEB8-8B4A-11D0-8D11-00A0C91BC942}") = "TS0901", "TS0901\TS0901.vcxproj", "{0E74CFDD-7B50-4618-9665-F17E3B6936BB}"
EndProject
Project("{8BC9CEB8-8B4A-11D0-8D11-00A0C91BC942}") = "TS0801", "TS0801\TS0801.vcxproj", "{AC4C0B99-B290-4A24-AD99-F07748649438}"
EndProject
Project("{8BC9CEB8-8B4A-11D0-8D11-00A0C91BC942}") = "TS0706", "TS0706\TS0706.vcxproj", "{A038AA9F-E36A-4D7E-B580-5A4B44866221}"
EndProject
Project("{8BC9CEB8-8B4A-11D0-8D11-00A0C91BC942}") = "TS0704", "TS0704\TS0704.vcxproj", "{7095D529-DEC3-47D3-843E-3A463A1AD5D1}"
EndProject
Project("{8BC9CEB8-8B4A-11D0-8D11-00A0C91BC942}") = "TS0702", "TS0702\TS0702.vcxproj", "{1CF6968B-3DF5-4BBA-8EB4-53953C9C2EFE}"
EndProject
Project("{8BC9CEB8-8B4A-11D0-8D11-00A0C91BC942}") = "TS1401", "TS1401\TS1401.vcxproj", "{E5B774DA-D2E9-45F0-B172-4F6FD93DE28C}"
EndProject
Project("{8BC9CEB8-8B4A-11D0-8D11-00A0C91BC942}") = "TS0603", "TS0603\TS0603.vcxproj", "{FD2CF2C2-7BDF-4CF3-A241-47DAD339DA05}"
EndProject
Project("{8BC9CEB8-8B4A-11D0-8D11-00A0C91BC942}") = "TS0601", "TS0601\TS0601.vcxproj", "{448C0145-5E5D-4F8D-88DB-40FC7BEB25E2}"
EndProject
Project("{8BC9CEB8-8B4A-11D0-8D11-00A0C91BC942}") = "TS0502", "TS0502\TS0502.vcxproj", "{CBB8F30E-644B-4498-BA67-31EDB6600BCD}"
EndProject
Project("{8BC9CEB8-8B4A-11D0-8D11-00A0C91BC942}") = "TS0501", "TS0501\TS0501.vcxproj", "{717DB8A6-2B9E-4F81-A826-43869C873D61}"
EndProject
Project("{8BC9CEB8-8B4A-11D0-8D11-00A0C91BC942}") = "TS0402", "TS0402\TS0402.vcxproj", "{406E9DF3-57B2-4340-9AC5-D0E22A39C5EE}"
EndProject
Project("{8BC9CEB8-8B4A-11D0-8D11-00A0C91BC942}") = "TS0401", "TS0401\TS0401.vcxproj", "{A6C60DB5-68F1-41AC-9885-987F5BE82CEA}"
EndProject
Project("{8BC9CEB8-8B4A-11D0-8D11-00A0C91BC942}") = "TS0302", "TS0302\TS0302.vcxproj", "{6CB922E3-420D-4C89-B3DB-3A9B96D3CE93}"
EndProject
Project("{8BC9CEB8-8B4A-11D0-8D11-00A0C91BC942}") = "TS0301", "TS0301\TS0301.vcxproj", "{49DA7550-AB0F-4802-80DA-7FF2235E2234}"
EndProject
Project("{8BC9CEB8-8B4A-11D0-8D11-00A0C91BC942}") = "TS0202", "TS0202\TS0202.vcxproj", "{E3E0A949-ADE3-475E-8A10-DAF0C40C70A3}"
EndProject
Project("{8BC9CEB8-8B4A-11D0-8D11-00A0C91BC942}") = "TS0201", "TS0201\TS0201.vcxproj", "{770E5CA3-2BF6-4D5C-8817-64F9B7654C47}"
EndProject
Project("{8BC9CEB8-8B4A-11D0-8D11-00A0C91BC942}") = "TS0102", "TS0102\TS0102.vcxproj", "{F585808A-3A88-4A21-925B-5FAB1F72AE98}"
EndProject
Project("{8BC9CEB8-8B4A-11D0-8D11-00A0C91BC942}") = "TS0101", "TS0101\TS0101.vcxproj", "{3F7ECAF1-0B34-48F7-8228-E16F6B59DBE2}"
EndProject
Project("{8BC9CEB8-8B4A-11D0-8D11-00A0C91BC942}") = "TS0602", "TS0602\TS0602.vcxproj", "{873C0E73-8488-4C34-B121-D3D079BD783F}"
EndProject
Project("{8BC9CEB8-8B4A-11D0-8D11-00A0C91BC942}") = "TS1402", "TS1402\TS1402.vcxproj", "{73C6ADD1-FDD6-4E15-8C61-A28893081DEB}"
EndProject
Global
	GlobalSection(SolutionConfigurationPlatforms) = preSolution
		Debug|x64 = Debug|x64
		Debug|x86 = Debug|x86
		Release|x64 = Release|x64
		Release|x86 = Release|x86
	EndGlobalSection
	GlobalSection(ProjectConfigurationPlatforms) = postSolution
		{0737EFC9-3A0D-4E35-9107-926DECBC61CE}.Debug|x64.ActiveCfg = Debug|x64
		{0737EFC9-3A0D-4E35-9107-926DECBC61CE}.Debug|x64.Build.0 = Debug|x64
		{0737EFC9-3A0D-4E35-9107-926DECBC61CE}.Debug|x86.ActiveCfg = Debug|Win32
		{0737EFC9-3A0D-4E35-9107-926DECBC61CE}.Debug|x86.Build.0 = Debug|Win32
		{0737EFC9-3A0D-4E35-9107-926DECBC61CE}.Release|x64.ActiveCfg = Release|x64
		{0737EFC9-3A0D-4E35-9107-926DECBC61CE}.Release|x64.Build.0 = Release|x64
		{0737EFC9-3A0D-4E35-9107-926DECBC61CE}.Release|x86.ActiveCfg = Release|Win32
		{0737EFC9-3A0D-4E35-9107-926DECBC61CE}.Release|x86.Build.0 = Release|Win32
		{22C29005-8306-4599-9F81-367FBD50A807}.Debug|x64.ActiveCfg = Debug|x64
		{22C29005-8306-4599-9F81-367FBD50A807}.Debug|x64.Build.0 = Debug|x64
		{22C29005-8306-4599-9F81-367FBD50A807}.Debug|x86.ActiveCfg = Debug|Win32
		{22C29005-8306-4599-9F81-367FBD50A807}.Debug|x86.Build.0 = Debug|Win32
		{22C29005-8306-4599-9F81-367FBD50A807}.Release|x64.ActiveCfg = Release|x64
		{22C29005-8306-4599-9F81-367FBD50A807}.Release|x64.Build.0 = Release|x64
		{22C29005-8306-4599-9F81-367FBD50A807}.Release|x86.ActiveCfg = Release|Win32
		{22C29005-8306-4599-9F81-367FBD50A807}.Release|x86.Build.0 = Release|Win32
	EndGlobalSection
	GlobalSection(SolutionProperties) = preSolution
		HideSolutionNode = FALSE
	EndGlobalSection
	GlobalSection(ExtensibilityGlobals) = postSolution
		SolutionGuid = {222DF936-D67A-4FA6-84DD-1CC83A4A6794}
	EndGlobalSection
EndGlobal